{
  "version": "5",
  "specifiers": {
    "jsr:@deno/esbuild-plugin@^1.2.0": "1.2.0",
    "jsr:@deno/loader@~0.3.3": "0.3.5",
    "jsr:@std/internal@^1.0.10": "1.0.10",
    "jsr:@std/path@^1.1.1": "1.1.2",
    "npm:@react-three/drei@^10.7.6": "10.7.6_@react-three+fiber@9.3.0__react@19.1.1__react-dom@19.1.1___react@19.1.1__three@0.180.0__@types+react@19.1.14__use-sync-external-store@1.5.0___react@19.1.1_react@19.1.1_react-dom@19.1.1__react@19.1.1_three@0.180.0_@types+three@0.180.0_@types+react@19.1.14_use-sync-external-store@1.5.0__react@19.1.1",
    "npm:@react-three/fiber@^9.3.0": "9.3.0_react@19.1.1_react-dom@19.1.1__react@19.1.1_three@0.180.0_@types+react@19.1.14_use-sync-external-store@1.5.0__react@19.1.1",
    "npm:@types/node@*": "24.2.0",
    "npm:@types/react-dom@^19.1.9": "19.1.9_@types+react@19.1.14",
    "npm:@types/react@^19.1.14": "19.1.14",
    "npm:@types/three@0.180": "0.180.0",
    "npm:esbuild@~0.25.10": "0.25.10",
    "npm:esbuild@~0.25.5": "0.25.10",
    "npm:hono@^4.9.9": "4.9.9",
    "npm:react-dom@^19.1.1": "19.1.1_react@19.1.1",
    "npm:react@^19.1.1": "19.1.1",
    "npm:three-stdlib@^2.36.0": "2.36.0_three@0.180.0",
    "npm:three@0.180": "0.180.0"
  },
  "jsr": {
    "@deno/esbuild-plugin@1.2.0": {
      "integrity": "04ddd0fca9416d8a2866263928a53b9d5ed08dfca064d64504a0aaf9800c709e",
      "dependencies": [
        "jsr:@deno/loader",
        "jsr:@std/path",
        "npm:esbuild@~0.25.5"
      ]
    },
    "@deno/loader@0.3.5": {
      "integrity": "72f6ce9c6e7242c6e070705dbd8a838884dd236d5dd0bd907d08bece92db5722"
    },
    "@std/internal@1.0.10": {
      "integrity": "e3be62ce42cab0e177c27698e5d9800122f67b766a0bea6ca4867886cbde8cf7"
    },
    "@std/path@1.1.2": {
      "integrity": "c0b13b97dfe06546d5e16bf3966b1cadf92e1cc83e56ba5476ad8b498d9e3038",
      "dependencies": [
        "jsr:@std/internal"
      ]
    }
  },
  "npm": {
    "@babel/runtime@7.28.4": {
      "integrity": "sha512-Q/N6JNWvIvPnLDvjlE1OUBLPQHH6l3CltCEsHIujp45zQUSSh8K+gHnaEX45yAT1nyngnINhvWtzN+Nb9D8RAQ=="
    },
    "@dimforge/rapier3d-compat@0.12.0": {
      "integrity": "sha512-uekIGetywIgopfD97oDL5PfeezkFpNhwlzlaEYNOA0N6ghdsOvh/HYjSMek5Q2O1PYvRSDFcqFVJl4r4ZBwOow=="
    },
    "@esbuild/aix-ppc64@0.25.10": {
      "integrity": "sha512-0NFWnA+7l41irNuaSVlLfgNT12caWJVLzp5eAVhZ0z1qpxbockccEt3s+149rE64VUI3Ml2zt8Nv5JVc4QXTsw==",
      "os": ["aix"],
      "cpu": ["ppc64"]
    },
    "@esbuild/android-arm64@0.25.10": {
      "integrity": "sha512-LSQa7eDahypv/VO6WKohZGPSJDq5OVOo3UoFR1E4t4Gj1W7zEQMUhI+lo81H+DtB+kP+tDgBp+M4oNCwp6kffg==",
      "os": ["android"],
      "cpu": ["arm64"]
    },
    "@esbuild/android-arm@0.25.10": {
      "integrity": "sha512-dQAxF1dW1C3zpeCDc5KqIYuZ1tgAdRXNoZP7vkBIRtKZPYe2xVr/d3SkirklCHudW1B45tGiUlz2pUWDfbDD4w==",
      "os": ["android"],
      "cpu": ["arm"]
    },
    "@esbuild/android-x64@0.25.10": {
      "integrity": "sha512-MiC9CWdPrfhibcXwr39p9ha1x0lZJ9KaVfvzA0Wxwz9ETX4v5CHfF09bx935nHlhi+MxhA63dKRRQLiVgSUtEg==",
      "os": ["android"],
      "cpu": ["x64"]
    },
    "@esbuild/darwin-arm64@0.25.10": {
      "integrity": "sha512-JC74bdXcQEpW9KkV326WpZZjLguSZ3DfS8wrrvPMHgQOIEIG/sPXEN/V8IssoJhbefLRcRqw6RQH2NnpdprtMA==",
      "os": ["darwin"],
      "cpu": ["arm64"]
    },
    "@esbuild/darwin-x64@0.25.10": {
      "integrity": "sha512-tguWg1olF6DGqzws97pKZ8G2L7Ig1vjDmGTwcTuYHbuU6TTjJe5FXbgs5C1BBzHbJ2bo1m3WkQDbWO2PvamRcg==",
      "os": ["darwin"],
      "cpu": ["x64"]
    },
    "@esbuild/freebsd-arm64@0.25.10": {
      "integrity": "sha512-3ZioSQSg1HT2N05YxeJWYR+Libe3bREVSdWhEEgExWaDtyFbbXWb49QgPvFH8u03vUPX10JhJPcz7s9t9+boWg==",
      "os": ["freebsd"],
      "cpu": ["arm64"]
    },
    "@esbuild/freebsd-x64@0.25.10": {
      "integrity": "sha512-LLgJfHJk014Aa4anGDbh8bmI5Lk+QidDmGzuC2D+vP7mv/GeSN+H39zOf7pN5N8p059FcOfs2bVlrRr4SK9WxA==",
      "os": ["freebsd"],
      "cpu": ["x64"]
    },
    "@esbuild/linux-arm64@0.25.10": {
      "integrity": "sha512-5luJWN6YKBsawd5f9i4+c+geYiVEw20FVW5x0v1kEMWNq8UctFjDiMATBxLvmmHA4bf7F6hTRaJgtghFr9iziQ==",
      "os": ["linux"],
      "cpu": ["arm64"]
    },
    "@esbuild/linux-arm@0.25.10": {
      "integrity": "sha512-oR31GtBTFYCqEBALI9r6WxoU/ZofZl962pouZRTEYECvNF/dtXKku8YXcJkhgK/beU+zedXfIzHijSRapJY3vg==",
      "os": ["linux"],
      "cpu": ["arm"]
    },
    "@esbuild/linux-ia32@0.25.10": {
      "integrity": "sha512-NrSCx2Kim3EnnWgS4Txn0QGt0Xipoumb6z6sUtl5bOEZIVKhzfyp/Lyw4C1DIYvzeW/5mWYPBFJU3a/8Yr75DQ==",
      "os": ["linux"],
      "cpu": ["ia32"]
    },
    "@esbuild/linux-loong64@0.25.10": {
      "integrity": "sha512-xoSphrd4AZda8+rUDDfD9J6FUMjrkTz8itpTITM4/xgerAZZcFW7Dv+sun7333IfKxGG8gAq+3NbfEMJfiY+Eg==",
      "os": ["linux"],
      "cpu": ["loong64"]
    },
    "@esbuild/linux-mips64el@0.25.10": {
      "integrity": "sha512-ab6eiuCwoMmYDyTnyptoKkVS3k8fy/1Uvq7Dj5czXI6DF2GqD2ToInBI0SHOp5/X1BdZ26RKc5+qjQNGRBelRA==",
      "os": ["linux"],
      "cpu": ["mips64el"]
    },
    "@esbuild/linux-ppc64@0.25.10": {
      "integrity": "sha512-NLinzzOgZQsGpsTkEbdJTCanwA5/wozN9dSgEl12haXJBzMTpssebuXR42bthOF3z7zXFWH1AmvWunUCkBE4EA==",
      "os": ["linux"],
      "cpu": ["ppc64"]
    },
    "@esbuild/linux-riscv64@0.25.10": {
      "integrity": "sha512-FE557XdZDrtX8NMIeA8LBJX3dC2M8VGXwfrQWU7LB5SLOajfJIxmSdyL/gU1m64Zs9CBKvm4UAuBp5aJ8OgnrA==",
      "os": ["linux"],
      "cpu": ["riscv64"]
    },
    "@esbuild/linux-s390x@0.25.10": {
      "integrity": "sha512-3BBSbgzuB9ajLoVZk0mGu+EHlBwkusRmeNYdqmznmMc9zGASFjSsxgkNsqmXugpPk00gJ0JNKh/97nxmjctdew==",
      "os": ["linux"],
      "cpu": ["s390x"]
    },
    "@esbuild/linux-x64@0.25.10": {
      "integrity": "sha512-QSX81KhFoZGwenVyPoberggdW1nrQZSvfVDAIUXr3WqLRZGZqWk/P4T8p2SP+de2Sr5HPcvjhcJzEiulKgnxtA==",
      "os": ["linux"],
      "cpu": ["x64"]
    },
    "@esbuild/netbsd-arm64@0.25.10": {
      "integrity": "sha512-AKQM3gfYfSW8XRk8DdMCzaLUFB15dTrZfnX8WXQoOUpUBQ+NaAFCP1kPS/ykbbGYz7rxn0WS48/81l9hFl3u4A==",
      "os": ["netbsd"],
      "cpu": ["arm64"]
    },
    "@esbuild/netbsd-x64@0.25.10": {
      "integrity": "sha512-7RTytDPGU6fek/hWuN9qQpeGPBZFfB4zZgcz2VK2Z5VpdUxEI8JKYsg3JfO0n/Z1E/6l05n0unDCNc4HnhQGig==",
      "os": ["netbsd"],
      "cpu": ["x64"]
    },
    "@esbuild/openbsd-arm64@0.25.10": {
      "integrity": "sha512-5Se0VM9Wtq797YFn+dLimf2Zx6McttsH2olUBsDml+lm0GOCRVebRWUvDtkY4BWYv/3NgzS8b/UM3jQNh5hYyw==",
      "os": ["openbsd"],
      "cpu": ["arm64"]
    },
    "@esbuild/openbsd-x64@0.25.10": {
      "integrity": "sha512-XkA4frq1TLj4bEMB+2HnI0+4RnjbuGZfet2gs/LNs5Hc7D89ZQBHQ0gL2ND6Lzu1+QVkjp3x1gIcPKzRNP8bXw==",
      "os": ["openbsd"],
      "cpu": ["x64"]
    },
    "@esbuild/openharmony-arm64@0.25.10": {
      "integrity": "sha512-AVTSBhTX8Y/Fz6OmIVBip9tJzZEUcY8WLh7I59+upa5/GPhh2/aM6bvOMQySspnCCHvFi79kMtdJS1w0DXAeag==",
      "os": ["openharmony"],
      "cpu": ["arm64"]
    },
    "@esbuild/sunos-x64@0.25.10": {
      "integrity": "sha512-fswk3XT0Uf2pGJmOpDB7yknqhVkJQkAQOcW/ccVOtfx05LkbWOaRAtn5SaqXypeKQra1QaEa841PgrSL9ubSPQ==",
      "os": ["sunos"],
      "cpu": ["x64"]
    },
    "@esbuild/win32-arm64@0.25.10": {
      "integrity": "sha512-ah+9b59KDTSfpaCg6VdJoOQvKjI33nTaQr4UluQwW7aEwZQsbMCfTmfEO4VyewOxx4RaDT/xCy9ra2GPWmO7Kw==",
      "os": ["win32"],
      "cpu": ["arm64"]
    },
    "@esbuild/win32-ia32@0.25.10": {
      "integrity": "sha512-QHPDbKkrGO8/cz9LKVnJU22HOi4pxZnZhhA2HYHez5Pz4JeffhDjf85E57Oyco163GnzNCVkZK0b/n4Y0UHcSw==",
      "os": ["win32"],
      "cpu": ["ia32"]
    },
    "@esbuild/win32-x64@0.25.10": {
      "integrity": "sha512-9KpxSVFCu0iK1owoez6aC/s/EdUQLDN3adTxGCqxMVhrPDj6bt5dbrHDXUuq+Bs2vATFBBrQS5vdQ/Ed2P+nbw==",
      "os": ["win32"],
      "cpu": ["x64"]
    },
    "@mediapipe/tasks-vision@0.10.17": {
      "integrity": "sha512-CZWV/q6TTe8ta61cZXjfnnHsfWIdFhms03M9T7Cnd5y2mdpylJM0rF1qRq+wsQVRMLz1OYPVEBU9ph2Bx8cxrg=="
    },
    "@monogrid/gainmap-js@3.1.0_three@0.180.0": {
      "integrity": "sha512-Obb0/gEd/HReTlg8ttaYk+0m62gQJmCblMOjHSMHRrBP2zdfKMHLCRbh/6ex9fSUJMKdjjIEiohwkbGD3wj2Nw==",
      "dependencies": [
        "promise-worker-transferable",
        "three"
      ]
    },
    "@react-three/drei@10.7.6_@react-three+fiber@9.3.0__react@19.1.1__react-dom@19.1.1___react@19.1.1__three@0.180.0__@types+react@19.1.14__use-sync-external-store@1.5.0___react@19.1.1_react@19.1.1_react-dom@19.1.1__react@19.1.1_three@0.180.0_@types+three@0.180.0_@types+react@19.1.14_use-sync-external-store@1.5.0__react@19.1.1": {
      "integrity": "sha512-ZSFwRlRaa4zjtB7yHO6Q9xQGuyDCzE7whXBhum92JslcMRC3aouivp0rAzszcVymIoJx6PXmibyP+xr+zKdwLg==",
      "dependencies": [
        "@babel/runtime",
        "@mediapipe/tasks-vision",
        "@monogrid/gainmap-js",
        "@react-three/fiber",
        "@use-gesture/react",
        "camera-controls",
        "cross-env",
        "detect-gpu",
        "glsl-noise",
        "hls.js",
        "maath",
        "meshline",
        "react",
        "react-dom",
        "stats-gl",
        "stats.js",
        "suspend-react",
        "three",
        "three-mesh-bvh",
        "three-stdlib",
        "troika-three-text",
        "tunnel-rat",
        "use-sync-external-store",
        "utility-types",
        "zustand@5.0.8_@types+react@19.1.14_react@19.1.1_use-sync-external-store@1.5.0__react@19.1.1"
      ],
      "optionalPeers": [
        "react-dom"
      ]
    },
    "@react-three/fiber@9.3.0_react@19.1.1_react-dom@19.1.1__react@19.1.1_three@0.180.0_@types+react@19.1.14_use-sync-external-store@1.5.0__react@19.1.1": {
      "integrity": "sha512-myPe3YL/C8+Eq939/4qIVEPBW/uxV0iiUbmjfwrs9sGKYDG8ib8Dz3Okq7BQt8P+0k4igedONbjXMQy84aDFmQ==",
      "dependencies": [
        "@babel/runtime",
        "@types/react-reconciler@0.32.1_@types+react@19.1.14",
        "@types/webxr",
        "base64-js",
        "buffer",
        "its-fine",
        "react",
        "react-dom",
        "react-reconciler",
        "react-use-measure",
        "scheduler@0.25.0",
        "suspend-react",
        "three",
        "use-sync-external-store",
        "zustand@5.0.8_@types+react@19.1.14_react@19.1.1_use-sync-external-store@1.5.0__react@19.1.1"
      ],
      "optionalPeers": [
        "react-dom"
      ]
    },
    "@tweenjs/tween.js@23.1.3": {
      "integrity": "sha512-vJmvvwFxYuGnF2axRtPYocag6Clbb5YS7kLL+SO/TeVFzHqDIWrNKYtcsPMibjDx9O+bu+psAy9NKfWklassUA=="
    },
    "@types/draco3d@1.4.10": {
      "integrity": "sha512-AX22jp8Y7wwaBgAixaSvkoG4M/+PlAcm3Qs4OW8yT9DM4xUpWKeFhLueTAyZF39pviAdcDdeJoACapiAceqNcw=="
    },
    "@types/node@24.2.0": {
      "integrity": "sha512-3xyG3pMCq3oYCNg7/ZP+E1ooTaGB4cG8JWRsqqOYQdbWNY4zbaV0Ennrd7stjiJEFZCaybcIgpTjJWHRfBSIDw==",
      "dependencies": [
        "undici-types"
      ]
    },
    "@types/offscreencanvas@2019.7.3": {
      "integrity": "sha512-ieXiYmgSRXUDeOntE1InxjWyvEelZGP63M+cGuquuRLuIKKT1osnkXjxev9B7d1nXSug5vpunx+gNlbVxMlC9A=="
    },
    "@types/react-dom@19.1.9_@types+react@19.1.14": {
      "integrity": "sha512-qXRuZaOsAdXKFyOhRBg6Lqqc0yay13vN7KrIg4L7N4aaHN68ma9OK3NE1BoDFgFOTfM7zg+3/8+2n8rLUH3OKQ==",
      "dependencies": [
        "@types/react"
      ]
    },
    "@types/react-reconciler@0.28.9_@types+react@19.1.14": {
      "integrity": "sha512-HHM3nxyUZ3zAylX8ZEyrDNd2XZOnQ0D5XfunJF5FLQnZbHHYq4UWvW1QfelQNXv1ICNkwYhfxjwfnqivYB6bFg==",
      "dependencies": [
        "@types/react"
      ]
    },
    "@types/react-reconciler@0.32.1_@types+react@19.1.14": {
      "integrity": "sha512-RsqPttsBQ+6af0nATFXJJpemYQH7kL9+xLNm1z+0MjQFDKBZDM2R6SBrjdvRmHu9i9fM6povACj57Ft+pKRNOA==",
      "dependencies": [
        "@types/react"
      ]
    },
    "@types/react@19.1.14": {
      "integrity": "sha512-ukd93VGzaNPMAUPy0gRDSC57UuQbnH9Kussp7HBjM06YFi9uZTFhOvMSO2OKqXm1rSgzOE+pVx1k1PYHGwlc8Q==",
      "dependencies": [
        "csstype"
      ]
    },
    "@types/stats.js@0.17.4": {
      "integrity": "sha512-jIBvWWShCvlBqBNIZt0KAshWpvSjhkwkEu4ZUcASoAvhmrgAUI2t1dXrjSL4xXVLB4FznPrIsX3nKXFl/Dt4vA=="
    },
    "@types/three@0.180.0": {
      "integrity": "sha512-ykFtgCqNnY0IPvDro7h+9ZeLY+qjgUWv+qEvUt84grhenO60Hqd4hScHE7VTB9nOQ/3QM8lkbNE+4vKjEpUxKg==",
      "dependencies": [
        "@dimforge/rapier3d-compat",
        "@tweenjs/tween.js",
        "@types/stats.js",
        "@types/webxr",
        "@webgpu/types",
        "fflate@0.8.2",
        "meshoptimizer"
      ]
    },
    "@types/webxr@0.5.23": {
      "integrity": "sha512-GPe4AsfOSpqWd3xA/0gwoKod13ChcfV67trvxaW2krUbgb9gxQjnCx8zGshzMl8LSHZlNH5gQ8LNScsDuc7nGQ=="
    },
    "@use-gesture/core@10.3.1": {
      "integrity": "sha512-WcINiDt8WjqBdUXye25anHiNxPc0VOrlT8F6LLkU6cycrOGUDyY/yyFmsg3k8i5OLvv25llc0QC45GhR/C8llw=="
    },
    "@use-gesture/react@10.3.1_react@19.1.1": {
      "integrity": "sha512-Yy19y6O2GJq8f7CHf7L0nxL8bf4PZCPaVOCgJrusOeFHY1LvHgYXnmnXg6N5iwAnbgbZCDjo60SiM6IPJi9C5g==",
      "dependencies": [
        "@use-gesture/core",
        "react"
      ]
    },
    "@webgpu/types@0.1.65": {
      "integrity": "sha512-cYrHab4d6wuVvDW5tdsfI6/o6vcLMDe6w2Citd1oS51Xxu2ycLCnVo4fqwujfKWijrZMInTJIKcXxteoy21nVA=="
    },
    "base64-js@1.5.1": {
      "integrity": "sha512-AKpaYlHn8t4SVbOHCy+b5+KKgvR4vrsD8vbvrbiQJps7fKDTkjkDry6ji0rUJjC0kzbNePLwzxq8iypo41qeWA=="
    },
    "bidi-js@1.0.3": {
      "integrity": "sha512-RKshQI1R3YQ+n9YJz2QQ147P66ELpa1FQEg20Dk8oW9t2KgLbpDLLp9aGZ7y8WHSshDknG0bknqGw5/tyCs5tw==",
      "dependencies": [
        "require-from-string"
      ]
    },
    "buffer@6.0.3": {
      "integrity": "sha512-FTiCpNxtwiZZHEZbcbTIcZjERVICn9yq/pDFkTl95/AxzD1naBctN7YO68riM/gLSDY7sdrMby8hofADYuuqOA==",
      "dependencies": [
        "base64-js",
        "ieee754"
      ]
    },
    "camera-controls@3.1.0_three@0.180.0": {
      "integrity": "sha512-w5oULNpijgTRH0ARFJJ0R5ct1nUM3R3WP7/b8A6j9uTGpRfnsypc/RBMPQV8JQDPayUe37p/TZZY1PcUr4czOQ==",
      "dependencies": [
        "three"
      ]
    },
    "cross-env@7.0.3": {
      "integrity": "sha512-+/HKd6EgcQCJGh2PSjZuUitQBQynKor4wrFbRg4DtAgS1aWO+gU52xpH7M9ScGgXSYmAVS9bIJ8EzuaGw0oNAw==",
      "dependencies": [
        "cross-spawn"
      ],
      "bin": true
    },
    "cross-spawn@7.0.6": {
      "integrity": "sha512-uV2QOWP2nWzsy2aMp8aRibhi9dlzF5Hgh5SHaB9OiTGEyDTiJJyx0uy51QXdyWbtAHNua4XJzUKca3OzKUd3vA==",
      "dependencies": [
        "path-key",
        "shebang-command",
        "which"
      ]
    },
    "csstype@3.1.3": {
      "integrity": "sha512-M1uQkMl8rQK/szD0LNhtqxIPLpimGm8sOBwU7lLnCpSbTyY3yeU1Vc7l4KT5zT4s/yOxHH5O7tIuuLOCnLADRw=="
    },
    "detect-gpu@5.0.70": {
      "integrity": "sha512-bqerEP1Ese6nt3rFkwPnGbsUF9a4q+gMmpTVVOEzoCyeCc+y7/RvJnQZJx1JwhgQI5Ntg0Kgat8Uu7XpBqnz1w==",
      "dependencies": [
        "webgl-constants"
      ]
    },
    "draco3d@1.5.7": {
      "integrity": "sha512-m6WCKt/erDXcw+70IJXnG7M3awwQPAsZvJGX5zY7beBqpELw6RDGkYVU0W43AFxye4pDZ5i2Lbyc/NNGqwjUVQ=="
    },
    "esbuild@0.25.10": {
      "integrity": "sha512-9RiGKvCwaqxO2owP61uQ4BgNborAQskMR6QusfWzQqv7AZOg5oGehdY2pRJMTKuwxd1IDBP4rSbI5lHzU7SMsQ==",
      "optionalDependencies": [
        "@esbuild/aix-ppc64",
        "@esbuild/android-arm",
        "@esbuild/android-arm64",
        "@esbuild/android-x64",
        "@esbuild/darwin-arm64",
        "@esbuild/darwin-x64",
        "@esbuild/freebsd-arm64",
        "@esbuild/freebsd-x64",
        "@esbuild/linux-arm",
        "@esbuild/linux-arm64",
        "@esbuild/linux-ia32",
        "@esbuild/linux-loong64",
        "@esbuild/linux-mips64el",
        "@esbuild/linux-ppc64",
        "@esbuild/linux-riscv64",
        "@esbuild/linux-s390x",
        "@esbuild/linux-x64",
        "@esbuild/netbsd-arm64",
        "@esbuild/netbsd-x64",
        "@esbuild/openbsd-arm64",
        "@esbuild/openbsd-x64",
        "@esbuild/openharmony-arm64",
        "@esbuild/sunos-x64",
        "@esbuild/win32-arm64",
        "@esbuild/win32-ia32",
        "@esbuild/win32-x64"
      ],
      "scripts": true,
      "bin": true
    },
    "fflate@0.6.10": {
      "integrity": "sha512-IQrh3lEPM93wVCEczc9SaAOvkmcoQn/G8Bo1e8ZPlY3X3bnAxWaBdvTdvM1hP62iZp0BXWDy4vTAy4fF0+Dlpg=="
    },
    "fflate@0.8.2": {
      "integrity": "sha512-cPJU47OaAoCbg0pBvzsgpTPhmhqI5eJjh/JIu8tPj5q+T7iLvW/JAYUqmE7KOB4R1ZyEhzBaIQpQpardBF5z8A=="
    },
    "glsl-noise@0.0.0": {
      "integrity": "sha512-b/ZCF6amfAUb7dJM/MxRs7AetQEahYzJ8PtgfrmEdtw6uyGOr+ZSGtgjFm6mfsBkxJ4d2W7kg+Nlqzqvn3Bc0w=="
    },
    "hls.js@1.6.13": {
      "integrity": "sha512-hNEzjZNHf5bFrUNvdS4/1RjIanuJ6szpWNfTaX5I6WfGynWXGT7K/YQLYtemSvFExzeMdgdE4SsyVLJbd5PcZA=="
    },
    "hono@4.9.9": {
      "integrity": "sha512-Hxw4wT6zjJGZJdkJzAx9PyBdf7ZpxaTSA0NfxqjLghwMrLBX8p33hJBzoETRakF3UJu6OdNQBZAlNSkGqKFukw=="
    },
    "ieee754@1.2.1": {
      "integrity": "sha512-dcyqhDvX1C46lXZcVqCpK+FtMRQVdIMN6/Df5js2zouUsqG7I6sFxitIC+7KYK29KdXOLHdu9zL4sFnoVQnqaA=="
    },
    "immediate@3.0.6": {
      "integrity": "sha512-XXOFtyqDjNDAQxVfYxuF7g9Il/IbWmmlQg2MYKOH8ExIT1qg6xc4zyS3HaEEATgs1btfzxq15ciUiY7gjSXRGQ=="
    },
    "is-promise@2.2.2": {
      "integrity": "sha512-+lP4/6lKUBfQjZ2pdxThZvLUAafmZb8OAxFb8XXtiQmS35INgr85hdOGoEs124ez1FCnZJt6jau/T+alh58QFQ=="
    },
    "isexe@2.0.0": {
      "integrity": "sha512-RHxMLp9lnKHGHRng9QFhRCMbYAcVpn69smSGcq3f36xjgVVWThj4qqLbTLlq7Ssj8B+fIQ1EuCEGI2lKsyQeIw=="
    },
    "its-fine@2.0.0_react@19.1.1_@types+react@19.1.14": {
      "integrity": "sha512-KLViCmWx94zOvpLwSlsx6yOCeMhZYaxrJV87Po5k/FoZzcPSahvK5qJ7fYhS61sZi5ikmh2S3Hz55A2l3U69ng==",
      "dependencies": [
        "@types/react-reconciler@0.28.9_@types+react@19.1.14",
        "react"
      ]
    },
    "lie@3.3.0": {
      "integrity": "sha512-UaiMJzeWRlEujzAuw5LokY1L5ecNQYZKfmyZ9L7wDHb/p5etKaxXhohBcrw0EYby+G/NA52vRSN4N39dxHAIwQ==",
      "dependencies": [
        "immediate"
      ]
    },
    "maath@0.10.8_@types+three@0.180.0_three@0.180.0": {
      "integrity": "sha512-tRvbDF0Pgqz+9XUa4jjfgAQ8/aPKmQdWXilFu2tMy4GWj4NOsx99HlULO4IeREfbO3a0sA145DZYyvXPkybm0g==",
      "dependencies": [
        "@types/three",
        "three"
      ]
    },
    "meshline@3.3.1_three@0.180.0": {
      "integrity": "sha512-/TQj+JdZkeSUOl5Mk2J7eLcYTLiQm2IDzmlSvYm7ov15anEcDJ92GHqqazxTSreeNgfnYu24kiEvvv0WlbCdFQ==",
      "dependencies": [
        "three"
      ]
    },
    "meshoptimizer@0.22.0": {
      "integrity": "sha512-IebiK79sqIy+E4EgOr+CAw+Ke8hAspXKzBd0JdgEmPHiAwmvEj2S4h1rfvo+o/BnfEYd/jAOg5IeeIjzlzSnDg=="
    },
    "path-key@3.1.1": {
      "integrity": "sha512-ojmeN0qd+y0jszEtoY48r0Peq5dwMEkIlCOu6Q5f41lfkswXuKtYrhgoTpLnyIcHm24Uhqx+5Tqm2InSwLhE6Q=="
    },
    "potpack@1.0.2": {
      "integrity": "sha512-choctRBIV9EMT9WGAZHn3V7t0Z2pMQyl0EZE6pFc/6ml3ssw7Dlf/oAOvFwjm1HVsqfQN8GfeFyJ+d8tRzqueQ=="
    },
    "promise-worker-transferable@1.0.4": {
      "integrity": "sha512-bN+0ehEnrXfxV2ZQvU2PetO0n4gqBD4ulq3MI1WOPLgr7/Mg9yRQkX5+0v1vagr74ZTsl7XtzlaYDo2EuCeYJw==",
      "dependencies": [
        "is-promise",
        "lie"
      ]
    },
    "react-dom@19.1.1_react@19.1.1": {
      "integrity": "sha512-Dlq/5LAZgF0Gaz6yiqZCf6VCcZs1ghAJyrsu84Q/GT0gV+mCxbfmKNoGRKBYMJ8IEdGPqu49YWXD02GCknEDkw==",
      "dependencies": [
        "react",
        "scheduler@0.26.0"
      ]
    },
    "react-reconciler@0.31.0_react@19.1.1": {
      "integrity": "sha512-7Ob7Z+URmesIsIVRjnLoDGwBEG/tVitidU0nMsqX/eeJaLY89RISO/10ERe0MqmzuKUUB1rmY+h1itMbUHg9BQ==",
      "dependencies": [
        "react",
        "scheduler@0.25.0"
      ]
    },
    "react-use-measure@2.1.7_react@19.1.1_react-dom@19.1.1__react@19.1.1": {
      "integrity": "sha512-KrvcAo13I/60HpwGO5jpW7E9DfusKyLPLvuHlUyP5zqnmAPhNc6qTRjUQrdTADl0lpPpDVU2/Gg51UlOGHXbdg==",
      "dependencies": [
        "react",
        "react-dom"
      ],
      "optionalPeers": [
        "react-dom"
      ]
    },
    "react@19.1.1": {
      "integrity": "sha512-w8nqGImo45dmMIfljjMwOGtbmC/mk4CMYhWIicdSflH91J9TyCyczcPFXJzrZ/ZXcgGRFeP6BU0BEJTw6tZdfQ=="
    },
    "require-from-string@2.0.2": {
      "integrity": "sha512-Xf0nWe6RseziFMu+Ap9biiUbmplq6S9/p+7w7YXP/JBHhrUDDUhwa+vANyubuqfZWTveU//DYVGsDG7RKL/vEw=="
    },
    "scheduler@0.25.0": {
      "integrity": "sha512-xFVuu11jh+xcO7JOAGJNOXld8/TcEHK/4CituBUeUb5hqxJLj9YuemAEuvm9gQ/+pgXYfbQuqAkiYu+u7YEsNA=="
    },
    "scheduler@0.26.0": {
      "integrity": "sha512-NlHwttCI/l5gCPR3D1nNXtWABUmBwvZpEQiD4IXSbIDq8BzLIK/7Ir5gTFSGZDUu37K5cMNp0hFtzO38sC7gWA=="
    },
    "shebang-command@2.0.0": {
      "integrity": "sha512-kHxr2zZpYtdmrN1qDjrrX/Z1rR1kG8Dx+gkpK1G4eXmvXswmcE1hTWBWYUzlraYw1/yZp6YuDY77YtvbN0dmDA==",
      "dependencies": [
        "shebang-regex"
      ]
    },
    "shebang-regex@3.0.0": {
      "integrity": "sha512-7++dFhtcx3353uBaq8DDR4NuxBetBzC7ZQOhmTQInHEd6bSrXdiEyzCvG07Z44UYdLShWUyXt5M/yhz8ekcb1A=="
    },
    "stats-gl@2.4.2_@types+three@0.180.0_three@0.180.0": {
      "integrity": "sha512-g5O9B0hm9CvnM36+v7SFl39T7hmAlv541tU81ME8YeSb3i1CIP5/QdDeSB3A0la0bKNHpxpwxOVRo2wFTYEosQ==",
      "dependencies": [
        "@types/three",
        "three"
      ]
    },
    "stats.js@0.17.0": {
      "integrity": "sha512-hNKz8phvYLPEcRkeG1rsGmV5ChMjKDAWU7/OJJdDErPBNChQXxCo3WZurGpnWc6gZhAzEPFad1aVgyOANH1sMw=="
    },
    "suspend-react@0.1.3_react@19.1.1": {
      "integrity": "sha512-aqldKgX9aZqpoDp3e8/BZ8Dm7x1pJl+qI3ZKxDN0i/IQTWUwBx/ManmlVJ3wowqbno6c2bmiIfs+Um6LbsjJyQ==",
      "dependencies": [
        "react"
      ]
    },
    "three-mesh-bvh@0.8.3_three@0.180.0": {
      "integrity": "sha512-4G5lBaF+g2auKX3P0yqx+MJC6oVt6sB5k+CchS6Ob0qvH0YIhuUk1eYr7ktsIpY+albCqE80/FVQGV190PmiAg==",
      "dependencies": [
        "three"
      ]
    },
    "three-stdlib@2.36.0_three@0.180.0": {
      "integrity": "sha512-kv0Byb++AXztEGsULgMAs8U2jgUdz6HPpAB/wDJnLiLlaWQX2APHhiTJIN7rqW+Of0eRgcp7jn05U1BsCP3xBA==",
      "dependencies": [
        "@types/draco3d",
        "@types/offscreencanvas",
        "@types/webxr",
        "draco3d",
        "fflate@0.6.10",
        "potpack",
        "three"
      ]
    },
    "three@0.180.0": {
      "integrity": "sha512-o+qycAMZrh+TsE01GqWUxUIKR1AL0S8pq7zDkYOQw8GqfX8b8VoCKYUoHbhiX5j+7hr8XsuHDVU6+gkQJQKg9w=="
    },
    "troika-three-text@0.52.4_three@0.180.0": {
      "integrity": "sha512-V50EwcYGruV5rUZ9F4aNsrytGdKcXKALjEtQXIOBfhVoZU9VAqZNIoGQ3TMiooVqFAbR1w15T+f+8gkzoFzawg==",
      "dependencies": [
        "bidi-js",
        "three",
        "troika-three-utils",
        "troika-worker-utils",
        "webgl-sdf-generator"
      ]
    },
    "troika-three-utils@0.52.4_three@0.180.0": {
      "integrity": "sha512-NORAStSVa/BDiG52Mfudk4j1FG4jC4ILutB3foPnfGbOeIs9+G5vZLa0pnmnaftZUGm4UwSoqEpWdqvC7zms3A==",
      "dependencies": [
        "three"
      ]
    },
    "troika-worker-utils@0.52.0": {
      "integrity": "sha512-W1CpvTHykaPH5brv5VHLfQo9D1OYuo0cSBEUQFFT/nBUzM8iD6Lq2/tgG/f1OelbAS1WtaTPQzE5uM49egnngw=="
    },
    "tunnel-rat@0.1.2_@types+react@19.1.14_react@19.1.1": {
      "integrity": "sha512-lR5VHmkPhzdhrM092lI2nACsLO4QubF0/yoOhzX7c+wIpbN1GjHNzCc91QlpxBi+cnx8vVJ+Ur6vL5cEoQPFpQ==",
      "dependencies": [
        "zustand@4.5.7_@types+react@19.1.14_react@19.1.1"
      ]
    },
    "undici-types@7.10.0": {
      "integrity": "sha512-t5Fy/nfn+14LuOc2KNYg75vZqClpAiqscVvMygNnlsHBFpSXdJaYtXMcdNLpl/Qvc3P2cB3s6lOV51nqsFq4ag=="
    },
    "use-sync-external-store@1.5.0_react@19.1.1": {
      "integrity": "sha512-Rb46I4cGGVBmjamjphe8L/UnvJD+uPPtTkNvX5mZgqdbavhI4EbgIWJiIHXJ8bc/i9EQGPRh4DwEURJ552Do0A==",
      "dependencies": [
        "react"
      ]
    },
    "utility-types@3.11.0": {
      "integrity": "sha512-6Z7Ma2aVEWisaL6TvBCy7P8rm2LQoPv6dJ7ecIaIixHcwfbJ0x7mWdbcwlIM5IGQxPZSFYeqRCqlOOeKoJYMkw=="
    },
    "webgl-constants@1.1.1": {
      "integrity": "sha512-LkBXKjU5r9vAW7Gcu3T5u+5cvSvh5WwINdr0C+9jpzVB41cjQAP5ePArDtk/WHYdVj0GefCgM73BA7FlIiNtdg=="
    },
    "webgl-sdf-generator@1.1.1": {
      "integrity": "sha512-9Z0JcMTFxeE+b2x1LJTdnaT8rT8aEp7MVxkNwoycNmJWwPdzoXzMh0BjJSh/AEFP+KPYZUli814h8bJZFIZ2jA=="
    },
    "which@2.0.2": {
      "integrity": "sha512-BLI3Tl1TW3Pvl70l3yq3Y64i+awpwXqsGBYWkkqMtnbXgrMD+yj7rhW0kuEDxzJaYXGjEW5ogapKNMEKNMjibA==",
      "dependencies": [
        "isexe"
      ],
      "bin": true
    },
    "zustand@4.5.7_@types+react@19.1.14_react@19.1.1": {
      "integrity": "sha512-CHOUy7mu3lbD6o6LJLfllpjkzhHXSBlX8B9+qPddUsIfeF5S/UZ5q0kmCsnRqT1UHFQZchNFDDzMbQsuesHWlw==",
      "dependencies": [
        "@types/react",
        "react",
        "use-sync-external-store"
      ],
      "optionalPeers": [
        "@types/react",
        "react"
      ]
    },
    "zustand@5.0.8_@types+react@19.1.14_react@19.1.1_use-sync-external-store@1.5.0__react@19.1.1": {
      "integrity": "sha512-gyPKpIaxY9XcO2vSMrLbiER7QMAMGOQZVRdJ6Zi782jkbzZygq5GI9nG8g+sMgitRtndwaBSl7uiqC49o1SSiw==",
      "dependencies": [
        "@types/react",
        "react",
        "use-sync-external-store"
      ],
      "optionalPeers": [
        "@types/react",
        "react",
        "use-sync-external-store"
      ]
    }
  },
  "redirects": {
    "https://github.com/openscad/openscad-wasm/releases/download/2022.03.20/openscad.js": "https://release-assets.githubusercontent.com/github-production-release-asset/460258619/5156e57a-45af-4078-aef8-2fcadd3f28be?sp=r&sv=2018-11-09&sr=b&spr=https&se=2025-09-27T11%3A16%3A18Z&rscd=attachment%3B+filename%3Dopenscad.js&rsct=application%2Foctet-stream&skoid=96c2d410-5711-43a1-aedd-ab1947aa7ab0&sktid=398a6654-997b-47e9-b12b-9515b896b4de&skt=2025-09-27T10%3A15%3A44Z&ske=2025-09-27T11%3A16%3A18Z&sks=b&skv=2018-11-09&sig=Sl9LOTjUoUVc0KC3uXpWmVh9Pwu0arj4o%2BrkgZMxdRg%3D&jwt=eyJ0eXAiOiJKV1QiLCJhbGciOiJIUzI1NiJ9.eyJpc3MiOiJnaXRodWIuY29tIiwiYXVkIjoicmVsZWFzZS1hc3NldHMuZ2l0aHVidXNlcmNvbnRlbnQuY29tIiwia2V5Ijoia2V5MSIsImV4cCI6MTc1ODk2OTI0MCwibmJmIjoxNzU4OTY4OTQwLCJwYXRoIjoicmVsZWFzZWFzc2V0cHJvZHVjdGlvbi5ibG9iLmNvcmUud2luZG93cy5uZXQifQ.YmxQP3q1GQM5t7zX4XNssJnT4ZVZJkMpEOzNL72zOlE&response-content-disposition=attachment%3B%20filename%3Dopenscad.js&response-content-type=application%2Foctet-stream"
  },
  "remote": {
    "http://localhost:8000/openscad/openscad.js": "2809954ab46b618134068464ef5c5c568191ce34b131ad6e8639a3bb9fbf17ff",
    "https://release-assets.githubusercontent.com/github-production-release-asset/460258619/5156e57a-45af-4078-aef8-2fcadd3f28be?sp=r&sv=2018-11-09&sr=b&spr=https&se=2025-09-27T11%3A16%3A18Z&rscd=attachment%3B+filename%3Dopenscad.js&rsct=application%2Foctet-stream&skoid=96c2d410-5711-43a1-aedd-ab1947aa7ab0&sktid=398a6654-997b-47e9-b12b-9515b896b4de&skt=2025-09-27T10%3A15%3A44Z&ske=2025-09-27T11%3A16%3A18Z&sks=b&skv=2018-11-09&sig=Sl9LOTjUoUVc0KC3uXpWmVh9Pwu0arj4o%2BrkgZMxdRg%3D&jwt=eyJ0eXAiOiJKV1QiLCJhbGciOiJIUzI1NiJ9.eyJpc3MiOiJnaXRodWIuY29tIiwiYXVkIjoicmVsZWFzZS1hc3NldHMuZ2l0aHVidXNlcmNvbnRlbnQuY29tIiwia2V5Ijoia2V5MSIsImV4cCI6MTc1ODk2OTI0MCwibmJmIjoxNzU4OTY4OTQwLCJwYXRoIjoicmVsZWFzZWFzc2V0cHJvZHVjdGlvbi5ibG9iLmNvcmUud2luZG93cy5uZXQifQ.YmxQP3q1GQM5t7zX4XNssJnT4ZVZJkMpEOzNL72zOlE&response-content-disposition=attachment%3B%20filename%3Dopenscad.js&response-content-type=application%2Foctet-stream": "2809954ab46b618134068464ef5c5c568191ce34b131ad6e8639a3bb9fbf17ff"
  },
  "workspace": {
    "dependencies": [
      "jsr:@deno/esbuild-plugin@^1.2.0",
      "npm:@react-three/drei@^10.7.6",
      "npm:@react-three/fiber@^9.3.0",
      "npm:@types/react-dom@^19.1.9",
      "npm:@types/react@^19.1.14",
      "npm:@types/three@0.180",
      "npm:esbuild@~0.25.10",
      "npm:hono@^4.9.9",
      "npm:react-dom@^19.1.1",
      "npm:react@^19.1.1",
      "npm:three-stdlib@^2.36.0",
      "npm:three@0.180"
    ]
  }
}
